PODS:
  - HuayingShareLibrary (0.1.1):
    - MonkeyKing (~> 1.4.0)
    - SDWebImage
  - MonkeyKing (1.4.2)
  - SDWebImage (4.3.2):
    - SDWebImage/Core (= 4.3.2)
  - SDWebImage/Core (4.3.2)

DEPENDENCIES:
  - HuayingShareLibrary (from `../`)

EXTERNAL SOURCES:
  HuayingShareLibrary:
    :path: "../"

SPEC CHECKSUMS:
  HuayingShareLibrary: 502c58c2eb90bee4a4bf7e1ce3c53466e6b991d0
  MonkeyKing: 64846a7ef403806abbffaf333cec72521b39465d
  SDWebImage: 29bd3c0bc1f01e5eb59720847c64ad4c4ca1af5d

PODFILE CHECKSUM: 7dbc80c37d82ec70f7b475d52ff0581a5d5edc1f

COCOAPODS: 1.2.1
